
Microsoft Visual Studio Solution File, Format Version 12.00
# Visual Studio Version 17
VisualStudioVersion = 17.7.34009.444
MinimumVisualStudioVersion = 10.0.40219.1
Project("{FAE04EC0-301F-11D3-BF4B-00C04F79EFBC}") = "Generics", "Generics\Generics.csproj", "{E5C08C7F-5420-41A3-B91D-970F34C546C9}"
EndProject
Global
	GlobalSection(SolutionConfigurationPlatforms) = preSolution
		Debug|Any CPU = Debug|Any CPU
		Release|Any CPU = Release|Any CPU
	EndGlobalSection
	GlobalSection(ProjectConfigurationPlatforms) = postSolution
		{E5C08C7F-5420-41A3-B91D-970F34C546C9}.Debug|Any CPU.ActiveCfg = Debug|Any CPU
		{E5C08C7F-5420-41A3-B91D-970F34C546C9}.Debug|Any CPU.Build.0 = Debug|Any CPU
		{E5C08C7F-5420-41A3-B91D-970F34C546C9}.Release|Any CPU.ActiveCfg = Release|Any CPU
		{E5C08C7F-5420-41A3-B91D-970F34C546C9}.Release|Any CPU.Build.0 = Release|Any CPU
	EndGlobalSection
	GlobalSection(SolutionProperties) = preSolution
		HideSolutionNode = FALSE
	EndGlobalSection
	GlobalSection(ExtensibilityGlobals) = postSolution
		SolutionGuid = {97F3D746-72D5-4B91-BBF6-4F8B913D38E5}
	EndGlobalSection
EndGlobal
